
Microsoft Visual Studio Solution File, Format Version 12.00
# Visual Studio Version 16
VisualStudioVersion = 16.0.31313.79
MinimumVisualStudioVersion = 10.0.40219.1
Project("{FAE04EC0-301F-11D3-BF4B-00C04F79EFBC}") = "Calculatorium_2", "Calculatorium_2.csproj", "{7FA38090-99E6-49D0-B54F-FBB829F9D62A}"
EndProject
Global
	GlobalSection(SolutionConfigurationPlatforms) = preSolution
		Debug|Any CPU = Debug|Any CPU
		Release|Any CPU = Release|Any CPU
	EndGlobalSection
	GlobalSection(ProjectConfigurationPlatforms) = postSolution
		{7FA38090-99E6-49D0-B54F-FBB829F9D62A}.Debug|Any CPU.ActiveCfg = Debug|Any CPU
		{7FA38090-99E6-49D0-B54F-FBB829F9D62A}.Debug|Any CPU.Build.0 = Debug|Any CPU
		{7FA38090-99E6-49D0-B54F-FBB829F9D62A}.Release|Any CPU.ActiveCfg = Release|Any CPU
		{7FA38090-99E6-49D0-B54F-FBB829F9D62A}.Release|Any CPU.Build.0 = Release|Any CPU
	EndGlobalSection
	GlobalSection(SolutionProperties) = preSolution
		HideSolutionNode = FALSE
	EndGlobalSection
	GlobalSection(ExtensibilityGlobals) = postSolution
		SolutionGuid = {0638E5F3-5CFD-4AA9-AAD0-0F8FDF53B160}
	EndGlobalSection
EndGlobal
